PODS:
  - Alamofire (5.10.2)
  - Kingfisher (8.1.1)

DEPENDENCIES:
  - Alamofire
  - Kingfisher

SPEC REPOS:
  trunk:
    - Alamofire
    - Kingfisher

SPEC CHECKSUMS:
  Alamofire: 7193b3b92c74a07f85569e1a6c4f4237291e7496
  Kingfisher: fc2788e497306f97fdef6e4df49f02106cb57788

PODFILE CHECKSUM: 5297b89256a70ca92cc209dbf16e52945c5c0ff4

COCOAPODS: 1.16.2
