PODS:
  - Alamofire (5.10.2)
  - Kingfisher (8.1.1)

DEPENDENCIES:
  - Alamofire
  - Kingfisher

SPEC REPOS:
  trunk:
    - Alamofire
    - Kingfisher

SPEC CHECKSUMS:
  Alamofire: 7193b3b92c74a07f85569e1a6c4f4237291e7496
  Kingfisher: fc2788e497306f97fdef6e4df49f02106cb57788

PODFILE CHECKSUM: c4d061a29c87d82ab108fc7ee039b187cd7a82a0

COCOAPODS: 1.16.2
