// !$*UTF8*$!
{
	archiveVersion = 1;
	classes = {
	};
	objectVersion = 77;
	objects = {

/* Begin PBXBuildFile section */
		28EC50412710ED90DC0C1319 /* Pods_CanteenApp.framework in Frameworks */ = {isa = PBXBuildFile; fileRef = 946DAACCEFDA08C3C5D15346 /* Pods_CanteenApp.framework */; };
		6FBDBD716B13F663B355D587 /* Pods_CanteenAppTests.framework in Frameworks */ = {isa = PBXBuildFile; fileRef = 4AC69D7642197CCE331B24D8 /* Pods_CanteenAppTests.framework */; };
/* End PBXBuildFile section */

/* Begin PBXContainerItemProxy section */
		246FBCDC2D09583700B7BC8B /* PBXContainerItemProxy */ = {
			isa = PBXContainerItemProxy;
			containerPortal = 246CA0E52CFEDDC2002EB9E1 /* Project object */;
			proxyType = 1;
			remoteGlobalIDString = 246CA0EC2CFEDDC2002EB9E1;
			remoteInfo = CanteenApp;
		};
/* End PBXContainerItemProxy section */

/* Begin PBXFileReference section */
		158F2D2DFD676ECB30382A22 /* Pods-CanteenAppTests.debug.xcconfig */ = {isa = PBXFileReference; includeInIndex = 1; lastKnownFileType = text.xcconfig; name = "Pods-CanteenAppTests.debug.xcconfig"; path = "Target Support Files/Pods-CanteenAppTests/Pods-CanteenAppTests.debug.xcconfig"; sourceTree = "<group>"; };
		246CA0ED2CFEDDC2002EB9E1 /* CanteenApp.app */ = {isa = PBXFileReference; explicitFileType = wrapper.application; includeInIndex = 0; path = CanteenApp.app; sourceTree = BUILT_PRODUCTS_DIR; };
		246FBCD82D09583700B7BC8B /* CanteenAppTests.xctest */ = {isa = PBXFileReference; explicitFileType = wrapper.cfbundle; includeInIndex = 0; path = CanteenAppTests.xctest; sourceTree = BUILT_PRODUCTS_DIR; };
		47C57BC6E4B546D2B8B399C2 /* Pods-CanteenApp-CanteenAppTests.debug.xcconfig */ = {isa = PBXFileReference; includeInIndex = 1; lastKnownFileType = text.xcconfig; name = "Pods-CanteenApp-CanteenAppTests.debug.xcconfig"; path = "Target Support Files/Pods-CanteenApp-CanteenAppTests/Pods-CanteenApp-CanteenAppTests.debug.xcconfig"; sourceTree = "<group>"; };
		4AC69D7642197CCE331B24D8 /* Pods_CanteenAppTests.framework */ = {isa = PBXFileReference; explicitFileType = wrapper.framework; includeInIndex = 0; path = Pods_CanteenAppTests.framework; sourceTree = BUILT_PRODUCTS_DIR; };
		4EBA60CA5E34DD40B66906E2 /* Pods-CanteenApp.debug.xcconfig */ = {isa = PBXFileReference; includeInIndex = 1; lastKnownFileType = text.xcconfig; name = "Pods-CanteenApp.debug.xcconfig"; path = "Target Support Files/Pods-CanteenApp/Pods-CanteenApp.debug.xcconfig"; sourceTree = "<group>"; };
		511E83A9A07B1122D9E45A8C /* Pods-CanteenApp-CanteenAppTests.release.xcconfig */ = {isa = PBXFileReference; includeInIndex = 1; lastKnownFileType = text.xcconfig; name = "Pods-CanteenApp-CanteenAppTests.release.xcconfig"; path = "Target Support Files/Pods-CanteenApp-CanteenAppTests/Pods-CanteenApp-CanteenAppTests.release.xcconfig"; sourceTree = "<group>"; };
		946DAACCEFDA08C3C5D15346 /* Pods_CanteenApp.framework */ = {isa = PBXFileReference; explicitFileType = wrapper.framework; includeInIndex = 0; path = Pods_CanteenApp.framework; sourceTree = BUILT_PRODUCTS_DIR; };
		F589D2AE2A5D2799B23F3127 /* Pods-CanteenAppTests.release.xcconfig */ = {isa = PBXFileReference; includeInIndex = 1; lastKnownFileType = text.xcconfig; name = "Pods-CanteenAppTests.release.xcconfig"; path = "Target Support Files/Pods-CanteenAppTests/Pods-CanteenAppTests.release.xcconfig"; sourceTree = "<group>"; };
		F6FE00079001DC25C98D4E98 /* Pods-CanteenApp.release.xcconfig */ = {isa = PBXFileReference; includeInIndex = 1; lastKnownFileType = text.xcconfig; name = "Pods-CanteenApp.release.xcconfig"; path = "Target Support Files/Pods-CanteenApp/Pods-CanteenApp.release.xcconfig"; sourceTree = "<group>"; };
/* End PBXFileReference section */

/* Begin PBXFileSystemSynchronizedBuildFileExceptionSet section */
		246CA0FF2CFEDDC4002EB9E1 /* Exceptions for "CanteenApp" folder in "CanteenApp" target */ = {
			isa = PBXFileSystemSynchronizedBuildFileExceptionSet;
			membershipExceptions = (
				Info.plist,
			);
			target = 246CA0EC2CFEDDC2002EB9E1 /* CanteenApp */;
		};
/* End PBXFileSystemSynchronizedBuildFileExceptionSet section */

/* Begin PBXFileSystemSynchronizedRootGroup section */
		246CA0EF2CFEDDC2002EB9E1 /* CanteenApp */ = {
			isa = PBXFileSystemSynchronizedRootGroup;
			exceptions = (
				246CA0FF2CFEDDC4002EB9E1 /* Exceptions for "CanteenApp" folder in "CanteenApp" target */,
			);
			path = CanteenApp;
			sourceTree = "<group>";
		};
		246FBCD92D09583700B7BC8B /* CanteenAppTests */ = {
			isa = PBXFileSystemSynchronizedRootGroup;
			path = CanteenAppTests;
			sourceTree = "<group>";
		};
/* End PBXFileSystemSynchronizedRootGroup section */

/* Begin PBXFrameworksBuildPhase section */
		246CA0EA2CFEDDC2002EB9E1 /* Frameworks */ = {
			isa = PBXFrameworksBuildPhase;
			buildActionMask = 2147483647;
			files = (
				28EC50412710ED90DC0C1319 /* Pods_CanteenApp.framework in Frameworks */,
			);
			runOnlyForDeploymentPostprocessing = 0;
		};
		246FBCD52D09583700B7BC8B /* Frameworks */ = {
			isa = PBXFrameworksBuildPhase;
			buildActionMask = 2147483647;
			files = (
				6FBDBD716B13F663B355D587 /* Pods_CanteenAppTests.framework in Frameworks */,
			);
			runOnlyForDeploymentPostprocessing = 0;
		};
/* End PBXFrameworksBuildPhase section */

/* Begin PBXGroup section */
		246CA0E42CFEDDC2002EB9E1 = {
			isa = PBXGroup;
			children = (
				246CA0EF2CFEDDC2002EB9E1 /* CanteenApp */,
				246FBCD92D09583700B7BC8B /* CanteenAppTests */,
				246CA0EE2CFEDDC2002EB9E1 /* Products */,
				C34F15872406A23856DFDA58 /* Pods */,
				9FFB6A11A73EFF4769A3ABF4 /* Frameworks */,
			);
			sourceTree = "<group>";
		};
		246CA0EE2CFEDDC2002EB9E1 /* Products */ = {
			isa = PBXGroup;
			children = (
				246CA0ED2CFEDDC2002EB9E1 /* CanteenApp.app */,
				246FBCD82D09583700B7BC8B /* CanteenAppTests.xctest */,
			);
			name = Products;
			sourceTree = "<group>";
		};
		9FFB6A11A73EFF4769A3ABF4 /* Frameworks */ = {
			isa = PBXGroup;
			children = (
				946DAACCEFDA08C3C5D15346 /* Pods_CanteenApp.framework */,
				4AC69D7642197CCE331B24D8 /* Pods_CanteenAppTests.framework */,
			);
			name = Frameworks;
			sourceTree = "<group>";
		};
		C34F15872406A23856DFDA58 /* Pods */ = {
			isa = PBXGroup;
			children = (
				4EBA60CA5E34DD40B66906E2 /* Pods-CanteenApp.debug.xcconfig */,
				F6FE00079001DC25C98D4E98 /* Pods-CanteenApp.release.xcconfig */,
				47C57BC6E4B546D2B8B399C2 /* Pods-CanteenApp-CanteenAppTests.debug.xcconfig */,
				511E83A9A07B1122D9E45A8C /* Pods-CanteenApp-CanteenAppTests.release.xcconfig */,
				158F2D2DFD676ECB30382A22 /* Pods-CanteenAppTests.debug.xcconfig */,
				F589D2AE2A5D2799B23F3127 /* Pods-CanteenAppTests.release.xcconfig */,
			);
			path = Pods;
			sourceTree = "<group>";
		};
/* End PBXGroup section */

/* Begin PBXNativeTarget section */
		246CA0EC2CFEDDC2002EB9E1 /* CanteenApp */ = {
			isa = PBXNativeTarget;
			buildConfigurationList = 246CA1002CFEDDC4002EB9E1 /* Build configuration list for PBXNativeTarget "CanteenApp" */;
			buildPhases = (
				CBC4E5CAD16F2A5672105E77 /* [CP] Check Pods Manifest.lock */,
				246CA0E92CFEDDC2002EB9E1 /* Sources */,
				246CA0EA2CFEDDC2002EB9E1 /* Frameworks */,
				246CA0EB2CFEDDC2002EB9E1 /* Resources */,
				8F226DA5F77E4A6D2B815226 /* [CP] Embed Pods Frameworks */,
			);
			buildRules = (
			);
			dependencies = (
			);
			fileSystemSynchronizedGroups = (
				246CA0EF2CFEDDC2002EB9E1 /* CanteenApp */,
			);
			name = CanteenApp;
			productName = CanteenApp;
			productReference = 246CA0ED2CFEDDC2002EB9E1 /* CanteenApp.app */;
			productType = "com.apple.product-type.application";
		};
		246FBCD72D09583700B7BC8B /* CanteenAppTests */ = {
			isa = PBXNativeTarget;
			buildConfigurationList = 246FBCE02D09583700B7BC8B /* Build configuration list for PBXNativeTarget "CanteenAppTests" */;
			buildPhases = (
				451D9C704609D36D96F20376 /* [CP] Check Pods Manifest.lock */,
				246FBCD42D09583700B7BC8B /* Sources */,
				246FBCD52D09583700B7BC8B /* Frameworks */,
				246FBCD62D09583700B7BC8B /* Resources */,
				A820DA33DB9436875415B12F /* [CP] Embed Pods Frameworks */,
			);
			buildRules = (
			);
			dependencies = (
				246FBCDD2D09583700B7BC8B /* PBXTargetDependency */,
			);
			fileSystemSynchronizedGroups = (
				246FBCD92D09583700B7BC8B /* CanteenAppTests */,
			);
			name = CanteenAppTests;
			productName = CanteenAppTests;
			productReference = 246FBCD82D09583700B7BC8B /* CanteenAppTests.xctest */;
			productType = "com.apple.product-type.bundle.unit-test";
		};
/* End PBXNativeTarget section */

/* Begin PBXProject section */
		246CA0E52CFEDDC2002EB9E1 /* Project object */ = {
			isa = PBXProject;
			attributes = {
				BuildIndependentTargetsInParallel = 1;
				LastSwiftUpdateCheck = 1610;
				LastUpgradeCheck = 1610;
				TargetAttributes = {
					246CA0EC2CFEDDC2002EB9E1 = {
						CreatedOnToolsVersion = 16.1;
					};
					246FBCD72D09583700B7BC8B = {
						CreatedOnToolsVersion = 16.1;
						TestTargetID = 246CA0EC2CFEDDC2002EB9E1;
					};
				};
			};
			buildConfigurationList = 246CA0E82CFEDDC2002EB9E1 /* Build configuration list for PBXProject "CanteenApp" */;
			developmentRegion = en;
			hasScannedForEncodings = 0;
			knownRegions = (
				en,
				Base,
			);
			mainGroup = 246CA0E42CFEDDC2002EB9E1;
			minimizedProjectReferenceProxies = 1;
			preferredProjectObjectVersion = 77;
			productRefGroup = 246CA0EE2CFEDDC2002EB9E1 /* Products */;
			projectDirPath = "";
			projectRoot = "";
			targets = (
				246CA0EC2CFEDDC2002EB9E1 /* CanteenApp */,
				246FBCD72D09583700B7BC8B /* CanteenAppTests */,
			);
		};
/* End PBXProject section */

/* Begin PBXResourcesBuildPhase section */
		246CA0EB2CFEDDC2002EB9E1 /* Resources */ = {
			isa = PBXResourcesBuildPhase;
			buildActionMask = 2147483647;
			files = (
			);
			runOnlyForDeploymentPostprocessing = 0;
		};
		246FBCD62D09583700B7BC8B /* Resources */ = {
			isa = PBXResourcesBuildPhase;
			buildActionMask = 2147483647;
			files = (
			);
			runOnlyForDeploymentPostprocessing = 0;
		};
/* End PBXResourcesBuildPhase section */

/* Begin PBXShellScriptBuildPhase section */
		451D9C704609D36D96F20376 /* [CP] Check Pods Manifest.lock */ = {
			isa = PBXShellScriptBuildPhase;
			buildActionMask = 2147483647;
			files = (
			);
			inputFileListPaths = (
			);
			inputPaths = (
				"${PODS_PODFILE_DIR_PATH}/Podfile.lock",
				"${PODS_ROOT}/Manifest.lock",
			);
			name = "[CP] Check Pods Manifest.lock";
			outputFileListPaths = (
			);
			outputPaths = (
				"$(DERIVED_FILE_DIR)/Pods-CanteenAppTests-checkManifestLockResult.txt",
			);
			runOnlyForDeploymentPostprocessing = 0;
			shellPath = /bin/sh;
			shellScript = "diff \"${PODS_PODFILE_DIR_PATH}/Podfile.lock\" \"${PODS_ROOT}/Manifest.lock\" > /dev/null\nif [ $? != 0 ] ; then\n    # print error to STDERR\n    echo \"error: The sandbox is not in sync with the Podfile.lock. Run 'pod install' or update your CocoaPods installation.\" >&2\n    exit 1\nfi\n# This output is used by Xcode 'outputs' to avoid re-running this script phase.\necho \"SUCCESS\" > \"${SCRIPT_OUTPUT_FILE_0}\"\n";
			showEnvVarsInLog = 0;
		};
		8F226DA5F77E4A6D2B815226 /* [CP] Embed Pods Frameworks */ = {
			isa = PBXShellScriptBuildPhase;
			buildActionMask = 2147483647;
			files = (
			);
			inputFileListPaths = (
				"${PODS_ROOT}/Target Support Files/Pods-CanteenApp/Pods-CanteenApp-frameworks-${CONFIGURATION}-input-files.xcfilelist",
			);
			name = "[CP] Embed Pods Frameworks";
			outputFileListPaths = (
				"${PODS_ROOT}/Target Support Files/Pods-CanteenApp/Pods-CanteenApp-frameworks-${CONFIGURATION}-output-files.xcfilelist",
			);
			runOnlyForDeploymentPostprocessing = 0;
			shellPath = /bin/sh;
			shellScript = "\"${PODS_ROOT}/Target Support Files/Pods-CanteenApp/Pods-CanteenApp-frameworks.sh\"\n";
			showEnvVarsInLog = 0;
		};
		A820DA33DB9436875415B12F /* [CP] Embed Pods Frameworks */ = {
			isa = PBXShellScriptBuildPhase;
			buildActionMask = 2147483647;
			files = (
			);
			inputFileListPaths = (
				"${PODS_ROOT}/Target Support Files/Pods-CanteenAppTests/Pods-CanteenAppTests-frameworks-${CONFIGURATION}-input-files.xcfilelist",
			);
			name = "[CP] Embed Pods Frameworks";
			outputFileListPaths = (
				"${PODS_ROOT}/Target Support Files/Pods-CanteenAppTests/Pods-CanteenAppTests-frameworks-${CONFIGURATION}-output-files.xcfilelist",
			);
			runOnlyForDeploymentPostprocessing = 0;
			shellPath = /bin/sh;
			shellScript = "\"${PODS_ROOT}/Target Support Files/Pods-CanteenAppTests/Pods-CanteenAppTests-frameworks.sh\"\n";
			showEnvVarsInLog = 0;
		};
		CBC4E5CAD16F2A5672105E77 /* [CP] Check Pods Manifest.lock */ = {
			isa = PBXShellScriptBuildPhase;
			buildActionMask = 2147483647;
			files = (
			);
			inputFileListPaths = (
			);
			inputPaths = (
				"${PODS_PODFILE_DIR_PATH}/Podfile.lock",
				"${PODS_ROOT}/Manifest.lock",
			);
			name = "[CP] Check Pods Manifest.lock";
			outputFileListPaths = (
			);
			outputPaths = (
				"$(DERIVED_FILE_DIR)/Pods-CanteenApp-checkManifestLockResult.txt",
			);
			runOnlyForDeploymentPostprocessing = 0;
			shellPath = /bin/sh;
			shellScript = "diff \"${PODS_PODFILE_DIR_PATH}/Podfile.lock\" \"${PODS_ROOT}/Manifest.lock\" > /dev/null\nif [ $? != 0 ] ; then\n    # print error to STDERR\n    echo \"error: The sandbox is not in sync with the Podfile.lock. Run 'pod install' or update your CocoaPods installation.\" >&2\n    exit 1\nfi\n# This output is used by Xcode 'outputs' to avoid re-running this script phase.\necho \"SUCCESS\" > \"${SCRIPT_OUTPUT_FILE_0}\"\n";
			showEnvVarsInLog = 0;
		};
/* End PBXShellScriptBuildPhase section */

/* Begin PBXSourcesBuildPhase section */
		246CA0E92CFEDDC2002EB9E1 /* Sources */ = {
			isa = PBXSourcesBuildPhase;
			buildActionMask = 2147483647;
			files = (
			);
			runOnlyForDeploymentPostprocessing = 0;
		};
		246FBCD42D09583700B7BC8B /* Sources */ = {
			isa = PBXSourcesBuildPhase;
			buildActionMask = 2147483647;
			files = (
			);
			runOnlyForDeploymentPostprocessing = 0;
		};
/* End PBXSourcesBuildPhase section */

/* Begin PBXTargetDependency section */
		246FBCDD2D09583700B7BC8B /* PBXTargetDependency */ = {
			isa = PBXTargetDependency;
			target = 246CA0EC2CFEDDC2002EB9E1 /* CanteenApp */;
			targetProxy = 246FBCDC2D09583700B7BC8B /* PBXContainerItemProxy */;
		};
/* End PBXTargetDependency section */

/* Begin XCBuildConfiguration section */
		246CA1012CFEDDC4002EB9E1 /* Debug */ = {
			isa = XCBuildConfiguration;
			baseConfigurationReference = 4EBA60CA5E34DD40B66906E2 /* Pods-CanteenApp.debug.xcconfig */;
			buildSettings = {
				ASSETCATALOG_COMPILER_APPICON_NAME = AppIcon;
				ASSETCATALOG_COMPILER_GLOBAL_ACCENT_COLOR_NAME = AccentColor;
				CODE_SIGN_STYLE = Automatic;
				CURRENT_PROJECT_VERSION = 1;
				GENERATE_INFOPLIST_FILE = YES;
				INFOPLIST_FILE = CanteenApp/Info.plist;
				INFOPLIST_KEY_UIApplicationSupportsIndirectInputEvents = YES;
				INFOPLIST_KEY_UILaunchStoryboardName = LaunchScreen;
				INFOPLIST_KEY_UIMainStoryboardFile = Main;
				INFOPLIST_KEY_UISupportedInterfaceOrientations_iPad = "UIInterfaceOrientationPortrait UIInterfaceOrientationPortraitUpsideDown UIInterfaceOrientationLandscapeLeft UIInterfaceOrientationLandscapeRight";
				INFOPLIST_KEY_UISupportedInterfaceOrientations_iPhone = "UIInterfaceOrientationPortrait UIInterfaceOrientationLandscapeLeft UIInterfaceOrientationLandscapeRight";
				LD_RUNPATH_SEARCH_PATHS = (
					"$(inherited)",
					"@executable_path/Frameworks",
				);
				MARKETING_VERSION = 1.0;
				PRODUCT_BUNDLE_IDENTIFIER = KBTU.CanteenApp;
				PRODUCT_NAME = "$(TARGET_NAME)";
				SWIFT_EMIT_LOC_STRINGS = YES;
				SWIFT_VERSION = 5.0;
				TARGETED_DEVICE_FAMILY = "1,2";
			};
			name = Debug;
		};
		246CA1022CFEDDC4002EB9E1 /* Release */ = {
			isa = XCBuildConfiguration;
			baseConfigurationReference = F6FE00079001DC25C98D4E98 /* Pods-CanteenApp.release.xcconfig */;
			buildSettings = {
				ASSETCATALOG_COMPILER_APPICON_NAME = AppIcon;
				ASSETCATALOG_COMPILER_GLOBAL_ACCENT_COLOR_NAME = AccentColor;
				CODE_SIGN_STYLE = Automatic;
				CURRENT_PROJECT_VERSION = 1;
				GENERATE_INFOPLIST_FILE = YES;
				INFOPLIST_FILE = CanteenApp/Info.plist;
				INFOPLIST_KEY_UIApplicationSupportsIndirectInputEvents = YES;
				INFOPLIST_KEY_UILaunchStoryboardName = LaunchScreen;
				INFOPLIST_KEY_UIMainStoryboardFile = Main;
				INFOPLIST_KEY_UISupportedInterfaceOrientations_iPad = "UIInterfaceOrientationPortrait UIInterfaceOrientationPortraitUpsideDown UIInterfaceOrientationLandscapeLeft UIInterfaceOrientationLandscapeRight";
				INFOPLIST_KEY_UISupportedInterfaceOrientations_iPhone = "UIInterfaceOrientationPortrait UIInterfaceOrientationLandscapeLeft UIInterfaceOrientationLandscapeRight";
				LD_RUNPATH_SEARCH_PATHS = (
					"$(inherited)",
					"@executable_path/Frameworks",
				);
				MARKETING_VERSION = 1.0;
				PRODUCT_BUNDLE_IDENTIFIER = KBTU.CanteenApp;
				PRODUCT_NAME = "$(TARGET_NAME)";
				SWIFT_EMIT_LOC_STRINGS = YES;
				SWIFT_VERSION = 5.0;
				TARGETED_DEVICE_FAMILY = "1,2";
			};
			name = Release;
		};
		246CA1032CFEDDC4002EB9E1 /* Debug */ = {
			isa = XCBuildConfiguration;
			buildSettings = {
				ALWAYS_SEARCH_USER_PATHS = NO;
				ASSETCATALOG_COMPILER_GENERATE_SWIFT_ASSET_SYMBOL_EXTENSIONS = YES;
				CLANG_ANALYZER_NONNULL = YES;
				CLANG_ANALYZER_NUMBER_OBJECT_CONVERSION = YES_AGGRESSIVE;
				CLANG_CXX_LANGUAGE_STANDARD = "gnu++20";
				CLANG_ENABLE_MODULES = YES;
				CLANG_ENABLE_OBJC_ARC = YES;
				CLANG_ENABLE_OBJC_WEAK = YES;
				CLANG_WARN_BLOCK_CAPTURE_AUTORELEASING = YES;
				CLANG_WARN_BOOL_CONVERSION = YES;
				CLANG_WARN_COMMA = YES;
				CLANG_WARN_CONSTANT_CONVERSION = YES;
				CLANG_WARN_DEPRECATED_OBJC_IMPLEMENTATIONS = YES;
				CLANG_WARN_DIRECT_OBJC_ISA_USAGE = YES_ERROR;
				CLANG_WARN_DOCUMENTATION_COMMENTS = YES;
				CLANG_WARN_EMPTY_BODY = YES;
				CLANG_WARN_ENUM_CONVERSION = YES;
				CLANG_WARN_INFINITE_RECURSION = YES;
				CLANG_WARN_INT_CONVERSION = YES;
				CLANG_WARN_NON_LITERAL_NULL_CONVERSION = YES;
				CLANG_WARN_OBJC_IMPLICIT_RETAIN_SELF = YES;
				CLANG_WARN_OBJC_LITERAL_CONVERSION = YES;
				CLANG_WARN_OBJC_ROOT_CLASS = YES_ERROR;
				CLANG_WARN_QUOTED_INCLUDE_IN_FRAMEWORK_HEADER = YES;
				CLANG_WARN_RANGE_LOOP_ANALYSIS = YES;
				CLANG_WARN_STRICT_PROTOTYPES = YES;
				CLANG_WARN_SUSPICIOUS_MOVE = YES;
				CLANG_WARN_UNGUARDED_AVAILABILITY = YES_AGGRESSIVE;
				CLANG_WARN_UNREACHABLE_CODE = YES;
				CLANG_WARN__DUPLICATE_METHOD_MATCH = YES;
				COPY_PHASE_STRIP = NO;
				DEBUG_INFORMATION_FORMAT = dwarf;
				ENABLE_STRICT_OBJC_MSGSEND = YES;
				ENABLE_TESTABILITY = YES;
				ENABLE_USER_SCRIPT_SANDBOXING = NO;
				GCC_C_LANGUAGE_STANDARD = gnu17;
				GCC_DYNAMIC_NO_PIC = NO;
				GCC_NO_COMMON_BLOCKS = YES;
				GCC_OPTIMIZATION_LEVEL = 0;
				GCC_PREPROCESSOR_DEFINITIONS = (
					"DEBUG=1",
					"$(inherited)",
				);
				GCC_WARN_64_TO_32_BIT_CONVERSION = YES;
				GCC_WARN_ABOUT_RETURN_TYPE = YES_ERROR;
				GCC_WARN_UNDECLARED_SELECTOR = YES;
				GCC_WARN_UNINITIALIZED_AUTOS = YES_AGGRESSIVE;
				GCC_WARN_UNUSED_FUNCTION = YES;
				GCC_WARN_UNUSED_VARIABLE = YES;
				IPHONEOS_DEPLOYMENT_TARGET = 18.1;
				LOCALIZATION_PREFERS_STRING_CATALOGS = YES;
				MTL_ENABLE_DEBUG_INFO = INCLUDE_SOURCE;
				MTL_FAST_MATH = YES;
				ONLY_ACTIVE_ARCH = YES;
				SDKROOT = iphoneos;
				SWIFT_ACTIVE_COMPILATION_CONDITIONS = "DEBUG $(inherited)";
				SWIFT_OPTIMIZATION_LEVEL = "-Onone";
			};
			name = Debug;
		};
		246CA1042CFEDDC4002EB9E1 /* Release */ = {
			isa = XCBuildConfiguration;
			buildSettings = {
				ALWAYS_SEARCH_USER_PATHS = NO;
				ASSETCATALOG_COMPILER_GENERATE_SWIFT_ASSET_SYMBOL_EXTENSIONS = YES;
				CLANG_ANALYZER_NONNULL = YES;
				CLANG_ANALYZER_NUMBER_OBJECT_CONVERSION = YES_AGGRESSIVE;
				CLANG_CXX_LANGUAGE_STANDARD = "gnu++20";
				CLANG_ENABLE_MODULES = YES;
				CLANG_ENABLE_OBJC_ARC = YES;
				CLANG_ENABLE_OBJC_WEAK = YES;
				CLANG_WARN_BLOCK_CAPTURE_AUTORELEASING = YES;
				CLANG_WARN_BOOL_CONVERSION = YES;
				CLANG_WARN_COMMA = YES;
				CLANG_WARN_CONSTANT_CONVERSION = YES;
				CLANG_WARN_DEPRECATED_OBJC_IMPLEMENTATIONS = YES;
				CLANG_WARN_DIRECT_OBJC_ISA_USAGE = YES_ERROR;
				CLANG_WARN_DOCUMENTATION_COMMENTS = YES;
				CLANG_WARN_EMPTY_BODY = YES;
				CLANG_WARN_ENUM_CONVERSION = YES;
				CLANG_WARN_INFINITE_RECURSION = YES;
				CLANG_WARN_INT_CONVERSION = YES;
				CLANG_WARN_NON_LITERAL_NULL_CONVERSION = YES;
				CLANG_WARN_OBJC_IMPLICIT_RETAIN_SELF = YES;
				CLANG_WARN_OBJC_LITERAL_CONVERSION = YES;
				CLANG_WARN_OBJC_ROOT_CLASS = YES_ERROR;
				CLANG_WARN_QUOTED_INCLUDE_IN_FRAMEWORK_HEADER = YES;
				CLANG_WARN_RANGE_LOOP_ANALYSIS = YES;
				CLANG_WARN_STRICT_PROTOTYPES = YES;
				CLANG_WARN_SUSPICIOUS_MOVE = YES;
				CLANG_WARN_UNGUARDED_AVAILABILITY = YES_AGGRESSIVE;
				CLANG_WARN_UNREACHABLE_CODE = YES;
				CLANG_WARN__DUPLICATE_METHOD_MATCH = YES;
				COPY_PHASE_STRIP = NO;
				DEBUG_INFORMATION_FORMAT = "dwarf-with-dsym";
				ENABLE_NS_ASSERTIONS = NO;
				ENABLE_STRICT_OBJC_MSGSEND = YES;
				ENABLE_USER_SCRIPT_SANDBOXING = NO;
				GCC_C_LANGUAGE_STANDARD = gnu17;
				GCC_NO_COMMON_BLOCKS = YES;
				GCC_WARN_64_TO_32_BIT_CONVERSION = YES;
				GCC_WARN_ABOUT_RETURN_TYPE = YES_ERROR;
				GCC_WARN_UNDECLARED_SELECTOR = YES;
				GCC_WARN_UNINITIALIZED_AUTOS = YES_AGGRESSIVE;
				GCC_WARN_UNUSED_FUNCTION = YES;
				GCC_WARN_UNUSED_VARIABLE = YES;
				IPHONEOS_DEPLOYMENT_TARGET = 18.1;
				LOCALIZATION_PREFERS_STRING_CATALOGS = YES;
				MTL_ENABLE_DEBUG_INFO = NO;
				MTL_FAST_MATH = YES;
				SDKROOT = iphoneos;
				SWIFT_COMPILATION_MODE = wholemodule;
				VALIDATE_PRODUCT = YES;
			};
			name = Release;
		};
		246FBCDE2D09583700B7BC8B /* Debug */ = {
			isa = XCBuildConfiguration;
			baseConfigurationReference = 158F2D2DFD676ECB30382A22 /* Pods-CanteenAppTests.debug.xcconfig */;
			buildSettings = {
				BUNDLE_LOADER = "$(TEST_HOST)";
				CODE_SIGN_STYLE = Automatic;
				CURRENT_PROJECT_VERSION = 1;
				ENABLE_USER_SCRIPT_SANDBOXING = NO;
				GENERATE_INFOPLIST_FILE = YES;
				MARKETING_VERSION = 1.0;
				PRODUCT_BUNDLE_IDENTIFIER = KBTU.CanteenAppTests;
				PRODUCT_NAME = "$(TARGET_NAME)";
				SWIFT_EMIT_LOC_STRINGS = NO;
				SWIFT_VERSION = 5.0;
				TARGETED_DEVICE_FAMILY = "1,2";
				TEST_HOST = "$(BUILT_PRODUCTS_DIR)/CanteenApp.app/$(BUNDLE_EXECUTABLE_FOLDER_PATH)/CanteenApp";
			};
			name = Debug;
		};
		246FBCDF2D09583700B7BC8B /* Release */ = {
			isa = XCBuildConfiguration;
			baseConfigurationReference = F589D2AE2A5D2799B23F3127 /* Pods-CanteenAppTests.release.xcconfig */;
			buildSettings = {
				BUNDLE_LOADER = "$(TEST_HOST)";
				CODE_SIGN_STYLE = Automatic;
				CURRENT_PROJECT_VERSION = 1;
				ENABLE_USER_SCRIPT_SANDBOXING = NO;
				GENERATE_INFOPLIST_FILE = YES;
				MARKETING_VERSION = 1.0;
				PRODUCT_BUNDLE_IDENTIFIER = KBTU.CanteenAppTests;
				PRODUCT_NAME = "$(TARGET_NAME)";
				SWIFT_EMIT_LOC_STRINGS = NO;
				SWIFT_VERSION = 5.0;
				TARGETED_DEVICE_FAMILY = "1,2";
				TEST_HOST = "$(BUILT_PRODUCTS_DIR)/CanteenApp.app/$(BUNDLE_EXECUTABLE_FOLDER_PATH)/CanteenApp";
			};
			name = Release;
		};
/* End XCBuildConfiguration section */

/* Begin XCConfigurationList section */
		246CA0E82CFEDDC2002EB9E1 /* Build configuration list for PBXProject "CanteenApp" */ = {
			isa = XCConfigurationList;
			buildConfigurations = (
				246CA1032CFEDDC4002EB9E1 /* Debug */,
				246CA1042CFEDDC4002EB9E1 /* Release */,
			);
			defaultConfigurationIsVisible = 0;
			defaultConfigurationName = Release;
		};
		246CA1002CFEDDC4002EB9E1 /* Build configuration list for PBXNativeTarget "CanteenApp" */ = {
			isa = XCConfigurationList;
			buildConfigurations = (
				246CA1012CFEDDC4002EB9E1 /* Debug */,
				246CA1022CFEDDC4002EB9E1 /* Release */,
			);
			defaultConfigurationIsVisible = 0;
			defaultConfigurationName = Release;
		};
		246FBCE02D09583700B7BC8B /* Build configuration list for PBXNativeTarget "CanteenAppTests" */ = {
			isa = XCConfigurationList;
			buildConfigurations = (
				246FBCDE2D09583700B7BC8B /* Debug */,
				246FBCDF2D09583700B7BC8B /* Release */,
			);
			defaultConfigurationIsVisible = 0;
			defaultConfigurationName = Release;
		};
/* End XCConfigurationList section */
	};
	rootObject = 246CA0E52CFEDDC2002EB9E1 /* Project object */;
}
